// !$*UTF8*$!
{
	archiveVersion = 1;
	classes = {
	};
	objectVersion = 77;
	objects = {

/* Begin PBXBuildFile section */
		01D65C3EF730976363B659C3 /* IpcClient.swift in Sources */ = {isa = PBXBuildFile; fileRef = 426B9B60A0D4FED73E3BC5CF /* IpcClient.swift */; };
		03EFCB28B6A073E79A180DC3 /* MessagePack.swift in Sources */ = {isa = PBXBuildFile; fileRef = 2C43BA3FEC55D6DDE2012027 /* MessagePack.swift */; };
		0BCD8192181DD217BDC6DBBF /* ArchiveView.swift in Sources */ = {isa = PBXBuildFile; fileRef = 70391C7EEBD75576AF83ECCB /* ArchiveView.swift */; };
		0E41656EC2106404E88DC819 /* BrainGraph.swift in Sources */ = {isa = PBXBuildFile; fileRef = C801BD64B3B5B6CE00C54C9A /* BrainGraph.swift */; };
		1BA4423B7F749616812A653B /* VoiceController.swift in Sources */ = {isa = PBXBuildFile; fileRef = 9059E36803116F9D81A54769 /* VoiceController.swift */; };
		34553D30BEDC0E1114F8C1D1 /* CoreConnection.swift in Sources */ = {isa = PBXBuildFile; fileRef = 67DD23025A066675485DD1D1 /* CoreConnection.swift */; };
		34CF920D63C01B974CECAAC2 /* CoreClient.swift in Sources */ = {isa = PBXBuildFile; fileRef = 3D4ED5B92A41C80179E09E5B /* CoreClient.swift */; };
		362320D8F5A78C1D01F53063 /* VoiceLogView.swift in Sources */ = {isa = PBXBuildFile; fileRef = A98E00255AA59CCA16E7C2A6 /* VoiceLogView.swift */; };
		3673FCE47476301612AEA136 /* ThemeSupport.swift in Sources */ = {isa = PBXBuildFile; fileRef = A25B15E09416D95ADD06733F /* ThemeSupport.swift */; };
		36F07CA4E9842314231AD9D3 /* CoreBridgeTests.swift in Sources */ = {isa = PBXBuildFile; fileRef = DED682F637EFF6FA87A07316 /* CoreBridgeTests.swift */; };
		3A3926FF03E12ADBC45694B0 /* ClaudeStudioKit.framework in Embed Frameworks */ = {isa = PBXBuildFile; fileRef = E197F22D7FD511261F5B9D3B /* ClaudeStudioKit.framework */; settings = {ATTRIBUTES = (CodeSignOnCopy, RemoveHeadersOnCopy, ); }; };
		3DFA08954B2076BDF267B116 /* CoreLauncher.swift in Sources */ = {isa = PBXBuildFile; fileRef = DAB7C034DF0AABD130AE2E60 /* CoreLauncher.swift */; };
		3F2F279B77FD2A50B6CF4750 /* ClaudeStudioApp.swift in Sources */ = {isa = PBXBuildFile; fileRef = 57AA100E524B4A36447CACAB /* ClaudeStudioApp.swift */; };
		46F82E4E6DD64FDF058902B4 /* TaskLibraryView.swift in Sources */ = {isa = PBXBuildFile; fileRef = 9493AC42BF85690ADC0EC399 /* TaskLibraryView.swift */; };
		49B6290A08FD2CA3C3C4E0EE /* HooksView.swift in Sources */ = {isa = PBXBuildFile; fileRef = 64566DC306DDCE49A336CA33 /* HooksView.swift */; };
		4C37DD26F2C4A4D241230BD5 /* SettingsView.swift in Sources */ = {isa = PBXBuildFile; fileRef = 9BF0F1415B675D75D400E27F /* SettingsView.swift */; };
		565F1AE1ED15AA975AC733B2 /* TrustMode.swift in Sources */ = {isa = PBXBuildFile; fileRef = A78FB53641F38AB955CDBC0F /* TrustMode.swift */; };
		5669562D51CA22128E3F4A26 /* SessionPanelView.swift in Sources */ = {isa = PBXBuildFile; fileRef = 4C1262B174A7494E1438290F /* SessionPanelView.swift */; };
		5839234A073AAF96D2C6E7C9 /* Assets.xcassets in Resources */ = {isa = PBXBuildFile; fileRef = 0F3030B7857FFF1C189848F4 /* Assets.xcassets */; };
		5B9AD819B152DE982DBE964B /* ProjectsView.swift in Sources */ = {isa = PBXBuildFile; fileRef = C2FA8BD05572AA2D995D217C /* ProjectsView.swift */; };
		669B6844412F0CE7F09F884E /* SessionEvent.swift in Sources */ = {isa = PBXBuildFile; fileRef = C529DEA649DA0BB2B262D076 /* SessionEvent.swift */; };
		67D7F9789C799E79AE5E264C /* AgentSession.swift in Sources */ = {isa = PBXBuildFile; fileRef = DA7B6B32CC04FDCCDC9E5CF0 /* AgentSession.swift */; };
		7872A3EA117F5067A48E5447 /* ClaudeStudioKit.framework in Embed Frameworks */ = {isa = PBXBuildFile; fileRef = E197F22D7FD511261F5B9D3B /* ClaudeStudioKit.framework */; settings = {ATTRIBUTES = (CodeSignOnCopy, RemoveHeadersOnCopy, ); }; };
		82A0F232B9A98CCBE428D2EC /* EditableFileView.swift in Sources */ = {isa = PBXBuildFile; fileRef = 15ADDA23365EB0EE2F65281F /* EditableFileView.swift */; };
		8632488903BB79EAEBE14859 /* tasks in Resources */ = {isa = PBXBuildFile; fileRef = 3AD390F1F9D448B5AAC8CEBF /* tasks */; };
		959650426068D5DA13168ED2 /* Support.swift in Sources */ = {isa = PBXBuildFile; fileRef = 340E660D21D7C24DEB954DE7 /* Support.swift */; };
		992929685347975B78AA0E72 /* AgentStudioView.swift in Sources */ = {isa = PBXBuildFile; fileRef = 7CC03FD56CEA8162F4E2A14C /* AgentStudioView.swift */; };
		9B9CAD1CB8DA353D2FBE336F /* OSView.swift in Sources */ = {isa = PBXBuildFile; fileRef = EE80E1CD767EDEAC44930245 /* OSView.swift */; };
		A0B32AB7ADAD18DD2BF1FE36 /* IpcProtocol.swift in Sources */ = {isa = PBXBuildFile; fileRef = 3255E9BEA3536F6FA42F6BFB /* IpcProtocol.swift */; };
		A21C1E922A84F95C3AA142BA /* BrainView.swift in Sources */ = {isa = PBXBuildFile; fileRef = 37759FC68F686A672EE35A93 /* BrainView.swift */; };
		A55F798C9E913DF7A6F84FEC /* ClaudeStudioKit.framework in Frameworks */ = {isa = PBXBuildFile; fileRef = E197F22D7FD511261F5B9D3B /* ClaudeStudioKit.framework */; };
		A83A19740BEE3ABE7FC2ACE5 /* ContextView.swift in Sources */ = {isa = PBXBuildFile; fileRef = D0E71B23CC147E46799AD68F /* ContextView.swift */; };
		AE12E61EFCB35A2A0D5B5CB8 /* CostTracker.swift in Sources */ = {isa = PBXBuildFile; fileRef = E8A16988C7E5C0A5C7C9DFAE /* CostTracker.swift */; };
		AE4D43E9E7B07016C5161609 /* AppState.swift in Sources */ = {isa = PBXBuildFile; fileRef = F3CF20BEB30EA82E29F356B3 /* AppState.swift */; };
		C7D7C21992855C7802334AAE /* MCPView.swift in Sources */ = {isa = PBXBuildFile; fileRef = 054938DB67E1D469889DA120 /* MCPView.swift */; };
		CB050036F90C06197B746E16 /* RootView.swift in Sources */ = {isa = PBXBuildFile; fileRef = D58C8BBD99C5D0B2620BB132 /* RootView.swift */; };
		D2C87EFC9F63503FA2FEEB7D /* Theme.swift in Sources */ = {isa = PBXBuildFile; fileRef = 3D2E75A100244510EF45B09F /* Theme.swift */; };
		D2E96DCB36F49A40D21B0297 /* MessagePackTests.swift in Sources */ = {isa = PBXBuildFile; fileRef = 42DA5146AF235A845EE4FB55 /* MessagePackTests.swift */; };
		D481531AF3A602EFEC9A8207 /* definitions in Resources */ = {isa = PBXBuildFile; fileRef = 56F7CCC32385E92E2DEBDA25 /* definitions */; };
		D6DADF7065C58B68D43FB1A2 /* Agent.swift in Sources */ = {isa = PBXBuildFile; fileRef = 475ACEFC2EB1C11521FCDF7C /* Agent.swift */; };
		E0C945DC4E427D0A1EF2175D /* Project.swift in Sources */ = {isa = PBXBuildFile; fileRef = 7F0E35A24E924DB6E7AD7F3A /* Project.swift */; };
		FA85B729D3D51265F8252037 /* ClaudeStudioKit.framework in Frameworks */ = {isa = PBXBuildFile; fileRef = E197F22D7FD511261F5B9D3B /* ClaudeStudioKit.framework */; };
		FCE8A1A287F3F7768C70522E /* SampleData.swift in Sources */ = {isa = PBXBuildFile; fileRef = 8328CCE1458A37E673271550 /* SampleData.swift */; };
/* End PBXBuildFile section */

/* Begin PBXContainerItemProxy section */
		DCAD0CB56EAEAA49C80B300C /* PBXContainerItemProxy */ = {
			isa = PBXContainerItemProxy;
			containerPortal = FF001F8E9273FB2D060A790E /* Project object */;
			proxyType = 1;
			remoteGlobalIDString = 170CF76CA5172C507BA20FF7;
			remoteInfo = ClaudeStudioKit;
		};
		DEB53DC35F13009A425AE355 /* PBXContainerItemProxy */ = {
			isa = PBXContainerItemProxy;
			containerPortal = FF001F8E9273FB2D060A790E /* Project object */;
			proxyType = 1;
			remoteGlobalIDString = 170CF76CA5172C507BA20FF7;
			remoteInfo = ClaudeStudioKit;
		};
/* End PBXContainerItemProxy section */

/* Begin PBXCopyFilesBuildPhase section */
		BA5FB9AD67C6EA4602E8A5A6 /* Embed Frameworks */ = {
			isa = PBXCopyFilesBuildPhase;
			buildActionMask = 2147483647;
			dstPath = "";
			dstSubfolderSpec = 10;
			files = (
				7872A3EA117F5067A48E5447 /* ClaudeStudioKit.framework in Embed Frameworks */,
			);
			name = "Embed Frameworks";
			runOnlyForDeploymentPostprocessing = 0;
		};
		EEE0D542D133249A6CB6E0A8 /* Embed Frameworks */ = {
			isa = PBXCopyFilesBuildPhase;
			buildActionMask = 2147483647;
			dstPath = "";
			dstSubfolderSpec = 10;
			files = (
				3A3926FF03E12ADBC45694B0 /* ClaudeStudioKit.framework in Embed Frameworks */,
			);
			name = "Embed Frameworks";
			runOnlyForDeploymentPostprocessing = 0;
		};
/* End PBXCopyFilesBuildPhase section */

/* Begin PBXFileReference section */
		054938DB67E1D469889DA120 /* MCPView.swift */ = {isa = PBXFileReference; lastKnownFileType = sourcecode.swift; path = MCPView.swift; sourceTree = "<group>"; };
		0F3030B7857FFF1C189848F4 /* Assets.xcassets */ = {isa = PBXFileReference; lastKnownFileType = folder.assetcatalog; path = Assets.xcassets; sourceTree = "<group>"; };
		15ADDA23365EB0EE2F65281F /* EditableFileView.swift */ = {isa = PBXFileReference; lastKnownFileType = sourcecode.swift; path = EditableFileView.swift; sourceTree = "<group>"; };
		2C43BA3FEC55D6DDE2012027 /* MessagePack.swift */ = {isa = PBXFileReference; lastKnownFileType = sourcecode.swift; path = MessagePack.swift; sourceTree = "<group>"; };
		3255E9BEA3536F6FA42F6BFB /* IpcProtocol.swift */ = {isa = PBXFileReference; lastKnownFileType = sourcecode.swift; path = IpcProtocol.swift; sourceTree = "<group>"; };
		340E660D21D7C24DEB954DE7 /* Support.swift */ = {isa = PBXFileReference; lastKnownFileType = sourcecode.swift; path = Support.swift; sourceTree = "<group>"; };
		37759FC68F686A672EE35A93 /* BrainView.swift */ = {isa = PBXFileReference; lastKnownFileType = sourcecode.swift; path = BrainView.swift; sourceTree = "<group>"; };
		3AD390F1F9D448B5AAC8CEBF /* tasks */ = {isa = PBXFileReference; lastKnownFileType = folder; name = tasks; path = ../tasks; sourceTree = SOURCE_ROOT; };
		3D2E75A100244510EF45B09F /* Theme.swift */ = {isa = PBXFileReference; lastKnownFileType = sourcecode.swift; path = Theme.swift; sourceTree = "<group>"; };
		3D4ED5B92A41C80179E09E5B /* CoreClient.swift */ = {isa = PBXFileReference; lastKnownFileType = sourcecode.swift; path = CoreClient.swift; sourceTree = "<group>"; };
		426B9B60A0D4FED73E3BC5CF /* IpcClient.swift */ = {isa = PBXFileReference; lastKnownFileType = sourcecode.swift; path = IpcClient.swift; sourceTree = "<group>"; };
		42DA5146AF235A845EE4FB55 /* MessagePackTests.swift */ = {isa = PBXFileReference; lastKnownFileType = sourcecode.swift; path = MessagePackTests.swift; sourceTree = "<group>"; };
		475ACEFC2EB1C11521FCDF7C /* Agent.swift */ = {isa = PBXFileReference; lastKnownFileType = sourcecode.swift; path = Agent.swift; sourceTree = "<group>"; };
		4C1262B174A7494E1438290F /* SessionPanelView.swift */ = {isa = PBXFileReference; lastKnownFileType = sourcecode.swift; path = SessionPanelView.swift; sourceTree = "<group>"; };
		56F7CCC32385E92E2DEBDA25 /* definitions */ = {isa = PBXFileReference; lastKnownFileType = folder; name = definitions; path = ../definitions; sourceTree = SOURCE_ROOT; };
		57AA100E524B4A36447CACAB /* ClaudeStudioApp.swift */ = {isa = PBXFileReference; lastKnownFileType = sourcecode.swift; path = ClaudeStudioApp.swift; sourceTree = "<group>"; };
		64566DC306DDCE49A336CA33 /* HooksView.swift */ = {isa = PBXFileReference; lastKnownFileType = sourcecode.swift; path = HooksView.swift; sourceTree = "<group>"; };
		67DD23025A066675485DD1D1 /* CoreConnection.swift */ = {isa = PBXFileReference; lastKnownFileType = sourcecode.swift; path = CoreConnection.swift; sourceTree = "<group>"; };
		70391C7EEBD75576AF83ECCB /* ArchiveView.swift */ = {isa = PBXFileReference; lastKnownFileType = sourcecode.swift; path = ArchiveView.swift; sourceTree = "<group>"; };
		7CC03FD56CEA8162F4E2A14C /* AgentStudioView.swift */ = {isa = PBXFileReference; lastKnownFileType = sourcecode.swift; path = AgentStudioView.swift; sourceTree = "<group>"; };
		7F0E35A24E924DB6E7AD7F3A /* Project.swift */ = {isa = PBXFileReference; lastKnownFileType = sourcecode.swift; path = Project.swift; sourceTree = "<group>"; };
		8328CCE1458A37E673271550 /* SampleData.swift */ = {isa = PBXFileReference; lastKnownFileType = sourcecode.swift; path = SampleData.swift; sourceTree = "<group>"; };
		9059E36803116F9D81A54769 /* VoiceController.swift */ = {isa = PBXFileReference; lastKnownFileType = sourcecode.swift; path = VoiceController.swift; sourceTree = "<group>"; };
		9493AC42BF85690ADC0EC399 /* TaskLibraryView.swift */ = {isa = PBXFileReference; lastKnownFileType = sourcecode.swift; path = TaskLibraryView.swift; sourceTree = "<group>"; };
		9BF0F1415B675D75D400E27F /* SettingsView.swift */ = {isa = PBXFileReference; lastKnownFileType = sourcecode.swift; path = SettingsView.swift; sourceTree = "<group>"; };
		A25B15E09416D95ADD06733F /* ThemeSupport.swift */ = {isa = PBXFileReference; lastKnownFileType = sourcecode.swift; path = ThemeSupport.swift; sourceTree = "<group>"; };
		A78FB53641F38AB955CDBC0F /* TrustMode.swift */ = {isa = PBXFileReference; lastKnownFileType = sourcecode.swift; path = TrustMode.swift; sourceTree = "<group>"; };
		A98E00255AA59CCA16E7C2A6 /* VoiceLogView.swift */ = {isa = PBXFileReference; lastKnownFileType = sourcecode.swift; path = VoiceLogView.swift; sourceTree = "<group>"; };
		C2FA8BD05572AA2D995D217C /* ProjectsView.swift */ = {isa = PBXFileReference; lastKnownFileType = sourcecode.swift; path = ProjectsView.swift; sourceTree = "<group>"; };
		C529DEA649DA0BB2B262D076 /* SessionEvent.swift */ = {isa = PBXFileReference; lastKnownFileType = sourcecode.swift; path = SessionEvent.swift; sourceTree = "<group>"; };
		C801BD64B3B5B6CE00C54C9A /* BrainGraph.swift */ = {isa = PBXFileReference; lastKnownFileType = sourcecode.swift; path = BrainGraph.swift; sourceTree = "<group>"; };
		D0E71B23CC147E46799AD68F /* ContextView.swift */ = {isa = PBXFileReference; lastKnownFileType = sourcecode.swift; path = ContextView.swift; sourceTree = "<group>"; };
		D58C8BBD99C5D0B2620BB132 /* RootView.swift */ = {isa = PBXFileReference; lastKnownFileType = sourcecode.swift; path = RootView.swift; sourceTree = "<group>"; };
		DA7B6B32CC04FDCCDC9E5CF0 /* AgentSession.swift */ = {isa = PBXFileReference; lastKnownFileType = sourcecode.swift; path = AgentSession.swift; sourceTree = "<group>"; };
		DAB7C034DF0AABD130AE2E60 /* CoreLauncher.swift */ = {isa = PBXFileReference; lastKnownFileType = sourcecode.swift; path = CoreLauncher.swift; sourceTree = "<group>"; };
		DED682F637EFF6FA87A07316 /* CoreBridgeTests.swift */ = {isa = PBXFileReference; lastKnownFileType = sourcecode.swift; path = CoreBridgeTests.swift; sourceTree = "<group>"; };
		E197F22D7FD511261F5B9D3B /* ClaudeStudioKit.framework */ = {isa = PBXFileReference; explicitFileType = wrapper.framework; includeInIndex = 0; path = ClaudeStudioKit.framework; sourceTree = BUILT_PRODUCTS_DIR; };
		E8A16988C7E5C0A5C7C9DFAE /* CostTracker.swift */ = {isa = PBXFileReference; lastKnownFileType = sourcecode.swift; path = CostTracker.swift; sourceTree = "<group>"; };
		EE80E1CD767EDEAC44930245 /* OSView.swift */ = {isa = PBXFileReference; lastKnownFileType = sourcecode.swift; path = OSView.swift; sourceTree = "<group>"; };
		F385C371BA7DBCED1D82A6C0 /* ClaudeStudio.app */ = {isa = PBXFileReference; explicitFileType = wrapper.application; includeInIndex = 0; path = ClaudeStudio.app; sourceTree = BUILT_PRODUCTS_DIR; };
		F3CF20BEB30EA82E29F356B3 /* AppState.swift */ = {isa = PBXFileReference; lastKnownFileType = sourcecode.swift; path = AppState.swift; sourceTree = "<group>"; };
		F9D36E5EF8C2444BB9F9BDBF /* ClaudeStudioKitTests.xctest */ = {isa = PBXFileReference; explicitFileType = wrapper.cfbundle; includeInIndex = 0; path = ClaudeStudioKitTests.xctest; sourceTree = BUILT_PRODUCTS_DIR; };
/* End PBXFileReference section */

/* Begin PBXFrameworksBuildPhase section */
		713299FBECD62D5AFC2C497E /* Frameworks */ = {
			isa = PBXFrameworksBuildPhase;
			buildActionMask = 2147483647;
			files = (
				FA85B729D3D51265F8252037 /* ClaudeStudioKit.framework in Frameworks */,
			);
			runOnlyForDeploymentPostprocessing = 0;
		};
		CCA3DF3943560E978572984A /* Frameworks */ = {
			isa = PBXFrameworksBuildPhase;
			buildActionMask = 2147483647;
			files = (
				A55F798C9E913DF7A6F84FEC /* ClaudeStudioKit.framework in Frameworks */,
			);
			runOnlyForDeploymentPostprocessing = 0;
		};
/* End PBXFrameworksBuildPhase section */

/* Begin PBXGroup section */
		07F1B96BAE41090949DDDEED = {
			isa = PBXGroup;
			children = (
				902862F41A502A11CF764485 /* ClaudeStudio */,
				52E2C6194D386D498B07FBDF /* Resources */,
				EAA82710AA119D5EF28A9844 /* Sources */,
				38FC719671A13FDD1021ABF9 /* Tests */,
				1551B54844F8F57BDC7E0BFB /* Products */,
			);
			sourceTree = "<group>";
		};
		1551B54844F8F57BDC7E0BFB /* Products */ = {
			isa = PBXGroup;
			children = (
				F385C371BA7DBCED1D82A6C0 /* ClaudeStudio.app */,
				E197F22D7FD511261F5B9D3B /* ClaudeStudioKit.framework */,
				F9D36E5EF8C2444BB9F9BDBF /* ClaudeStudioKitTests.xctest */,
			);
			name = Products;
			sourceTree = "<group>";
		};
		38FC719671A13FDD1021ABF9 /* Tests */ = {
			isa = PBXGroup;
			children = (
				48DC840C9839ABFEA0C417B0 /* ClaudeStudioKitTests */,
			);
			path = Tests;
			sourceTree = "<group>";
		};
		48DC840C9839ABFEA0C417B0 /* ClaudeStudioKitTests */ = {
			isa = PBXGroup;
			children = (
				DED682F637EFF6FA87A07316 /* CoreBridgeTests.swift */,
				42DA5146AF235A845EE4FB55 /* MessagePackTests.swift */,
			);
			path = ClaudeStudioKitTests;
			sourceTree = "<group>";
		};
		52E2C6194D386D498B07FBDF /* Resources */ = {
			isa = PBXGroup;
			children = (
				0F3030B7857FFF1C189848F4 /* Assets.xcassets */,
			);
			path = Resources;
			sourceTree = "<group>";
		};
		7CC859F81CA63C973C9CAA8E /* Views */ = {
			isa = PBXGroup;
			children = (
				7CC03FD56CEA8162F4E2A14C /* AgentStudioView.swift */,
				70391C7EEBD75576AF83ECCB /* ArchiveView.swift */,
				37759FC68F686A672EE35A93 /* BrainView.swift */,
				D0E71B23CC147E46799AD68F /* ContextView.swift */,
				15ADDA23365EB0EE2F65281F /* EditableFileView.swift */,
				64566DC306DDCE49A336CA33 /* HooksView.swift */,
				054938DB67E1D469889DA120 /* MCPView.swift */,
				EE80E1CD767EDEAC44930245 /* OSView.swift */,
				C2FA8BD05572AA2D995D217C /* ProjectsView.swift */,
				D58C8BBD99C5D0B2620BB132 /* RootView.swift */,
				4C1262B174A7494E1438290F /* SessionPanelView.swift */,
				9BF0F1415B675D75D400E27F /* SettingsView.swift */,
				340E660D21D7C24DEB954DE7 /* Support.swift */,
				9493AC42BF85690ADC0EC399 /* TaskLibraryView.swift */,
				A25B15E09416D95ADD06733F /* ThemeSupport.swift */,
				A98E00255AA59CCA16E7C2A6 /* VoiceLogView.swift */,
			);
			path = Views;
			sourceTree = "<group>";
		};
		902862F41A502A11CF764485 /* ClaudeStudio */ = {
			isa = PBXGroup;
			children = (
				56F7CCC32385E92E2DEBDA25 /* definitions */,
				3AD390F1F9D448B5AAC8CEBF /* tasks */,
			);
			name = ClaudeStudio;
			path = ..;
			sourceTree = "<group>";
		};
		96BEC0CDEC46BDD70B8976D3 /* ClaudeStudio */ = {
			isa = PBXGroup;
			children = (
				57AA100E524B4A36447CACAB /* ClaudeStudioApp.swift */,
				C7AB753E215C26A780746A27 /* Models */,
				7CC859F81CA63C973C9CAA8E /* Views */,
			);
			path = ClaudeStudio;
			sourceTree = "<group>";
		};
		C7AB753E215C26A780746A27 /* Models */ = {
			isa = PBXGroup;
			children = (
				475ACEFC2EB1C11521FCDF7C /* Agent.swift */,
				DA7B6B32CC04FDCCDC9E5CF0 /* AgentSession.swift */,
				F3CF20BEB30EA82E29F356B3 /* AppState.swift */,
				C801BD64B3B5B6CE00C54C9A /* BrainGraph.swift */,
				67DD23025A066675485DD1D1 /* CoreConnection.swift */,
				DAB7C034DF0AABD130AE2E60 /* CoreLauncher.swift */,
				E8A16988C7E5C0A5C7C9DFAE /* CostTracker.swift */,
				7F0E35A24E924DB6E7AD7F3A /* Project.swift */,
				8328CCE1458A37E673271550 /* SampleData.swift */,
				C529DEA649DA0BB2B262D076 /* SessionEvent.swift */,
				3D2E75A100244510EF45B09F /* Theme.swift */,
				A78FB53641F38AB955CDBC0F /* TrustMode.swift */,
				9059E36803116F9D81A54769 /* VoiceController.swift */,
			);
			path = Models;
			sourceTree = "<group>";
		};
		EAA82710AA119D5EF28A9844 /* Sources */ = {
			isa = PBXGroup;
			children = (
				96BEC0CDEC46BDD70B8976D3 /* ClaudeStudio */,
				EB7FA5A8A8A32F1A52DB954D /* ClaudeStudioKit */,
			);
			path = Sources;
			sourceTree = "<group>";
		};
		EB7FA5A8A8A32F1A52DB954D /* ClaudeStudioKit */ = {
			isa = PBXGroup;
			children = (
				3D4ED5B92A41C80179E09E5B /* CoreClient.swift */,
				426B9B60A0D4FED73E3BC5CF /* IpcClient.swift */,
				3255E9BEA3536F6FA42F6BFB /* IpcProtocol.swift */,
				2C43BA3FEC55D6DDE2012027 /* MessagePack.swift */,
			);
			path = ClaudeStudioKit;
			sourceTree = "<group>";
		};
/* End PBXGroup section */

/* Begin PBXNativeTarget section */
		170CF76CA5172C507BA20FF7 /* ClaudeStudioKit */ = {
			isa = PBXNativeTarget;
			buildConfigurationList = 38DC57942B3A8BFC623299E1 /* Build configuration list for PBXNativeTarget "ClaudeStudioKit" */;
			buildPhases = (
				ECE10B2514B237077270D474 /* Sources */,
			);
			buildRules = (
			);
			dependencies = (
			);
			name = ClaudeStudioKit;
			packageProductDependencies = (
			);
			productName = ClaudeStudioKit;
			productReference = E197F22D7FD511261F5B9D3B /* ClaudeStudioKit.framework */;
			productType = "com.apple.product-type.framework";
		};
		9B8D76E4A5C3761C8915C9EC /* ClaudeStudio */ = {
			isa = PBXNativeTarget;
			buildConfigurationList = 8B3DE301BA547E443B489F11 /* Build configuration list for PBXNativeTarget "ClaudeStudio" */;
			buildPhases = (
				CB488CB4E276B63EB43360F4 /* Sources */,
				619B89A9096516068D981C9B /* Build & bundle claudestudio-core */,
				3865744C90D1C64E2FC5E7FD /* Resources */,
				CCA3DF3943560E978572984A /* Frameworks */,
				BA5FB9AD67C6EA4602E8A5A6 /* Embed Frameworks */,
			);
			buildRules = (
			);
			dependencies = (
				DF1DED965D75E5EDDA982F3D /* PBXTargetDependency */,
			);
			name = ClaudeStudio;
			packageProductDependencies = (
			);
			productName = ClaudeStudio;
			productReference = F385C371BA7DBCED1D82A6C0 /* ClaudeStudio.app */;
			productType = "com.apple.product-type.application";
		};
		D5EFAA6EB733ED79B36E1DD5 /* ClaudeStudioKitTests */ = {
			isa = PBXNativeTarget;
			buildConfigurationList = 566E36C6D835DD361C62283C /* Build configuration list for PBXNativeTarget "ClaudeStudioKitTests" */;
			buildPhases = (
				059B1F7F0B0DF28868F328D2 /* Sources */,
				713299FBECD62D5AFC2C497E /* Frameworks */,
				EEE0D542D133249A6CB6E0A8 /* Embed Frameworks */,
			);
			buildRules = (
			);
			dependencies = (
				5B94B1052A9650E917C1E4BA /* PBXTargetDependency */,
			);
			name = ClaudeStudioKitTests;
			packageProductDependencies = (
			);
			productName = ClaudeStudioKitTests;
			productReference = F9D36E5EF8C2444BB9F9BDBF /* ClaudeStudioKitTests.xctest */;
			productType = "com.apple.product-type.bundle.unit-test";
		};
/* End PBXNativeTarget section */

/* Begin PBXProject section */
		FF001F8E9273FB2D060A790E /* Project object */ = {
			isa = PBXProject;
			attributes = {
				BuildIndependentTargetsInParallel = YES;
				LastUpgradeCheck = 1430;
				TargetAttributes = {
				};
			};
			buildConfigurationList = C87CDF72E9F7EDF4ECB6560B /* Build configuration list for PBXProject "ClaudeStudio" */;
			developmentRegion = en;
			hasScannedForEncodings = 0;
			knownRegions = (
				Base,
				en,
			);
			mainGroup = 07F1B96BAE41090949DDDEED;
			minimizedProjectReferenceProxies = 1;
			preferredProjectObjectVersion = 77;
			productRefGroup = 1551B54844F8F57BDC7E0BFB /* Products */;
			projectDirPath = "";
			projectRoot = "";
			targets = (
				9B8D76E4A5C3761C8915C9EC /* ClaudeStudio */,
				170CF76CA5172C507BA20FF7 /* ClaudeStudioKit */,
				D5EFAA6EB733ED79B36E1DD5 /* ClaudeStudioKitTests */,
			);
		};
/* End PBXProject section */

/* Begin PBXResourcesBuildPhase section */
		3865744C90D1C64E2FC5E7FD /* Resources */ = {
			isa = PBXResourcesBuildPhase;
			buildActionMask = 2147483647;
			files = (
				5839234A073AAF96D2C6E7C9 /* Assets.xcassets in Resources */,
				D481531AF3A602EFEC9A8207 /* definitions in Resources */,
				8632488903BB79EAEBE14859 /* tasks in Resources */,
			);
			runOnlyForDeploymentPostprocessing = 0;
		};
/* End PBXResourcesBuildPhase section */

/* Begin PBXShellScriptBuildPhase section */
		619B89A9096516068D981C9B /* Build & bundle claudestudio-core */ = {
			isa = PBXShellScriptBuildPhase;
			alwaysOutOfDate = 1;
			buildActionMask = 2147483647;
			files = (
			);
			inputFileListPaths = (
			);
			inputPaths = (
			);
			name = "Build & bundle claudestudio-core";
			outputFileListPaths = (
			);
			outputPaths = (
			);
			runOnlyForDeploymentPostprocessing = 0;
			shellPath = /bin/sh;
			shellScript = "set -eu\nexport PATH=\"$HOME/.cargo/bin:$PATH\"\nif ! command -v cargo >/dev/null 2>&1; then\n  echo \"warning: cargo not found — skipping core bundle\"\n  exit 0\nfi\nCFG=\"debug\"; [ \"${CONFIGURATION:-Debug}\" = \"Release\" ] && CFG=\"release\"\nCORE=\"$SRCROOT/../core\"\n( cd \"$CORE\" && cargo build -p cs-cli $([ \"$CFG\" = \"release\" ] && echo --release) )\nDEST=\"$TARGET_BUILD_DIR/$EXECUTABLE_FOLDER_PATH\"\nmkdir -p \"$DEST\"\ncp -f \"$CORE/target/$CFG/claudestudio-core\" \"$DEST/claudestudio-core\"\necho \"bundled core → $DEST/claudestudio-core\"\n";
		};
/* End PBXShellScriptBuildPhase section */

/* Begin PBXSourcesBuildPhase section */
		059B1F7F0B0DF28868F328D2 /* Sources */ = {
			isa = PBXSourcesBuildPhase;
			buildActionMask = 2147483647;
			files = (
				36F07CA4E9842314231AD9D3 /* CoreBridgeTests.swift in Sources */,
				D2E96DCB36F49A40D21B0297 /* MessagePackTests.swift in Sources */,
			);
			runOnlyForDeploymentPostprocessing = 0;
		};
		CB488CB4E276B63EB43360F4 /* Sources */ = {
			isa = PBXSourcesBuildPhase;
			buildActionMask = 2147483647;
			files = (
				D6DADF7065C58B68D43FB1A2 /* Agent.swift in Sources */,
				67D7F9789C799E79AE5E264C /* AgentSession.swift in Sources */,
				992929685347975B78AA0E72 /* AgentStudioView.swift in Sources */,
				AE4D43E9E7B07016C5161609 /* AppState.swift in Sources */,
				0BCD8192181DD217BDC6DBBF /* ArchiveView.swift in Sources */,
				0E41656EC2106404E88DC819 /* BrainGraph.swift in Sources */,
				A21C1E922A84F95C3AA142BA /* BrainView.swift in Sources */,
				3F2F279B77FD2A50B6CF4750 /* ClaudeStudioApp.swift in Sources */,
				A83A19740BEE3ABE7FC2ACE5 /* ContextView.swift in Sources */,
				34553D30BEDC0E1114F8C1D1 /* CoreConnection.swift in Sources */,
				3DFA08954B2076BDF267B116 /* CoreLauncher.swift in Sources */,
				AE12E61EFCB35A2A0D5B5CB8 /* CostTracker.swift in Sources */,
				82A0F232B9A98CCBE428D2EC /* EditableFileView.swift in Sources */,
				49B6290A08FD2CA3C3C4E0EE /* HooksView.swift in Sources */,
				C7D7C21992855C7802334AAE /* MCPView.swift in Sources */,
				9B9CAD1CB8DA353D2FBE336F /* OSView.swift in Sources */,
				E0C945DC4E427D0A1EF2175D /* Project.swift in Sources */,
				5B9AD819B152DE982DBE964B /* ProjectsView.swift in Sources */,
				CB050036F90C06197B746E16 /* RootView.swift in Sources */,
				FCE8A1A287F3F7768C70522E /* SampleData.swift in Sources */,
				669B6844412F0CE7F09F884E /* SessionEvent.swift in Sources */,
				5669562D51CA22128E3F4A26 /* SessionPanelView.swift in Sources */,
				4C37DD26F2C4A4D241230BD5 /* SettingsView.swift in Sources */,
				959650426068D5DA13168ED2 /* Support.swift in Sources */,
				46F82E4E6DD64FDF058902B4 /* TaskLibraryView.swift in Sources */,
				D2C87EFC9F63503FA2FEEB7D /* Theme.swift in Sources */,
				3673FCE47476301612AEA136 /* ThemeSupport.swift in Sources */,
				565F1AE1ED15AA975AC733B2 /* TrustMode.swift in Sources */,
				1BA4423B7F749616812A653B /* VoiceController.swift in Sources */,
				362320D8F5A78C1D01F53063 /* VoiceLogView.swift in Sources */,
			);
			runOnlyForDeploymentPostprocessing = 0;
		};
		ECE10B2514B237077270D474 /* Sources */ = {
			isa = PBXSourcesBuildPhase;
			buildActionMask = 2147483647;
			files = (
				34CF920D63C01B974CECAAC2 /* CoreClient.swift in Sources */,
				01D65C3EF730976363B659C3 /* IpcClient.swift in Sources */,
				A0B32AB7ADAD18DD2BF1FE36 /* IpcProtocol.swift in Sources */,
				03EFCB28B6A073E79A180DC3 /* MessagePack.swift in Sources */,
			);
			runOnlyForDeploymentPostprocessing = 0;
		};
/* End PBXSourcesBuildPhase section */

/* Begin PBXTargetDependency section */
		5B94B1052A9650E917C1E4BA /* PBXTargetDependency */ = {
			isa = PBXTargetDependency;
			target = 170CF76CA5172C507BA20FF7 /* ClaudeStudioKit */;
			targetProxy = DCAD0CB56EAEAA49C80B300C /* PBXContainerItemProxy */;
		};
		DF1DED965D75E5EDDA982F3D /* PBXTargetDependency */ = {
			isa = PBXTargetDependency;
			target = 170CF76CA5172C507BA20FF7 /* ClaudeStudioKit */;
			targetProxy = DEB53DC35F13009A425AE355 /* PBXContainerItemProxy */;
		};
/* End PBXTargetDependency section */

/* Begin XCBuildConfiguration section */
		05D8FA149071FFEBBDA4F287 /* Debug */ = {
			isa = XCBuildConfiguration;
			buildSettings = {
				CODE_SIGN_IDENTITY = "";
				COMBINE_HIDPI_IMAGES = YES;
				CURRENT_PROJECT_VERSION = 1;
				DEFINES_MODULE = YES;
				DYLIB_COMPATIBILITY_VERSION = 1;
				DYLIB_CURRENT_VERSION = 1;
				DYLIB_INSTALL_NAME_BASE = "@rpath";
				INSTALL_PATH = "$(LOCAL_LIBRARY_DIR)/Frameworks";
				LD_RUNPATH_SEARCH_PATHS = (
					"$(inherited)",
					"@executable_path/../Frameworks",
				);
				PRODUCT_BUNDLE_IDENTIFIER = dev.claudestudio.kit;
				SDKROOT = macosx;
				SKIP_INSTALL = YES;
				VERSIONING_SYSTEM = "apple-generic";
			};
			name = Debug;
		};
		0A9123C950215309CF3EFE60 /* Release */ = {
			isa = XCBuildConfiguration;
			buildSettings = {
				BUNDLE_LOADER = "$(TEST_HOST)";
				COMBINE_HIDPI_IMAGES = YES;
				GENERATE_INFOPLIST_FILE = YES;
				LD_RUNPATH_SEARCH_PATHS = (
					"$(inherited)",
					"@executable_path/../Frameworks",
					"@loader_path/../Frameworks",
				);
				PRODUCT_BUNDLE_IDENTIFIER = dev.claudestudio.kit.tests;
				SDKROOT = macosx;
			};
			name = Release;
		};
		252592F5D4A38A5392C0DF9D /* Debug */ = {
			isa = XCBuildConfiguration;
			buildSettings = {
				ALWAYS_SEARCH_USER_PATHS = NO;
				CLANG_ANALYZER_NONNULL = YES;
				CLANG_ANALYZER_NUMBER_OBJECT_CONVERSION = YES_AGGRESSIVE;
				CLANG_CXX_LANGUAGE_STANDARD = "gnu++14";
				CLANG_CXX_LIBRARY = "libc++";
				CLANG_ENABLE_MODULES = YES;
				CLANG_ENABLE_OBJC_ARC = YES;
				CLANG_ENABLE_OBJC_WEAK = YES;
				CLANG_WARN_BLOCK_CAPTURE_AUTORELEASING = YES;
				CLANG_WARN_BOOL_CONVERSION = YES;
				CLANG_WARN_COMMA = YES;
				CLANG_WARN_CONSTANT_CONVERSION = YES;
				CLANG_WARN_DEPRECATED_OBJC_IMPLEMENTATIONS = YES;
				CLANG_WARN_DIRECT_OBJC_ISA_USAGE = YES_ERROR;
				CLANG_WARN_DOCUMENTATION_COMMENTS = YES;
				CLANG_WARN_EMPTY_BODY = YES;
				CLANG_WARN_ENUM_CONVERSION = YES;
				CLANG_WARN_INFINITE_RECURSION = YES;
				CLANG_WARN_INT_CONVERSION = YES;
				CLANG_WARN_NON_LITERAL_NULL_CONVERSION = YES;
				CLANG_WARN_OBJC_IMPLICIT_RETAIN_SELF = YES;
				CLANG_WARN_OBJC_LITERAL_CONVERSION = YES;
				CLANG_WARN_OBJC_ROOT_CLASS = YES_ERROR;
				CLANG_WARN_QUOTED_INCLUDE_IN_FRAMEWORK_HEADER = YES;
				CLANG_WARN_RANGE_LOOP_ANALYSIS = YES;
				CLANG_WARN_STRICT_PROTOTYPES = YES;
				CLANG_WARN_SUSPICIOUS_MOVE = YES;
				CLANG_WARN_UNGUARDED_AVAILABILITY = YES_AGGRESSIVE;
				CLANG_WARN_UNREACHABLE_CODE = YES;
				CLANG_WARN__DUPLICATE_METHOD_MATCH = YES;
				COPY_PHASE_STRIP = NO;
				CURRENT_PROJECT_VERSION = 1;
				DEBUG_INFORMATION_FORMAT = dwarf;
				ENABLE_STRICT_OBJC_MSGSEND = YES;
				ENABLE_TESTABILITY = YES;
				GCC_C_LANGUAGE_STANDARD = gnu11;
				GCC_DYNAMIC_NO_PIC = NO;
				GCC_NO_COMMON_BLOCKS = YES;
				GCC_OPTIMIZATION_LEVEL = 0;
				GCC_PREPROCESSOR_DEFINITIONS = (
					"$(inherited)",
					"DEBUG=1",
				);
				GCC_WARN_64_TO_32_BIT_CONVERSION = YES;
				GCC_WARN_ABOUT_RETURN_TYPE = YES_ERROR;
				GCC_WARN_UNDECLARED_SELECTOR = YES;
				GCC_WARN_UNINITIALIZED_AUTOS = YES_AGGRESSIVE;
				GCC_WARN_UNUSED_FUNCTION = YES;
				GCC_WARN_UNUSED_VARIABLE = YES;
				MACOSX_DEPLOYMENT_TARGET = 14.0;
				MARKETING_VERSION = 0.1.0;
				MTL_ENABLE_DEBUG_INFO = INCLUDE_SOURCE;
				MTL_FAST_MATH = YES;
				ONLY_ACTIVE_ARCH = YES;
				PRODUCT_NAME = "$(TARGET_NAME)";
				SDKROOT = macosx;
				SWIFT_ACTIVE_COMPILATION_CONDITIONS = DEBUG;
				SWIFT_OPTIMIZATION_LEVEL = "-Onone";
				SWIFT_VERSION = 6.0;
			};
			name = Debug;
		};
		787443D878705F81A1E95EBB /* Debug */ = {
			isa = XCBuildConfiguration;
			buildSettings = {
				BUNDLE_LOADER = "$(TEST_HOST)";
				COMBINE_HIDPI_IMAGES = YES;
				GENERATE_INFOPLIST_FILE = YES;
				LD_RUNPATH_SEARCH_PATHS = (
					"$(inherited)",
					"@executable_path/../Frameworks",
					"@loader_path/../Frameworks",
				);
				PRODUCT_BUNDLE_IDENTIFIER = dev.claudestudio.kit.tests;
				SDKROOT = macosx;
			};
			name = Debug;
		};
		7FAE06621AA053C61EB8A700 /* Debug */ = {
			isa = XCBuildConfiguration;
			buildSettings = {
				ASSETCATALOG_COMPILER_APPICON_NAME = AppIcon;
				COMBINE_HIDPI_IMAGES = YES;
				GENERATE_INFOPLIST_FILE = YES;
				INFOPLIST_KEY_CFBundleDisplayName = ClaudeStudio;
				INFOPLIST_KEY_LSApplicationCategoryType = "public.app-category.developer-tools";
				LD_RUNPATH_SEARCH_PATHS = (
					"$(inherited)",
					"@executable_path/../Frameworks",
				);
				PRODUCT_BUNDLE_IDENTIFIER = dev.claudestudio.app;
				SDKROOT = macosx;
			};
			name = Debug;
		};
		B03086D87BD399327135CC7E /* Release */ = {
			isa = XCBuildConfiguration;
			buildSettings = {
				CODE_SIGN_IDENTITY = "";
				COMBINE_HIDPI_IMAGES = YES;
				CURRENT_PROJECT_VERSION = 1;
				DEFINES_MODULE = YES;
				DYLIB_COMPATIBILITY_VERSION = 1;
				DYLIB_CURRENT_VERSION = 1;
				DYLIB_INSTALL_NAME_BASE = "@rpath";
				INSTALL_PATH = "$(LOCAL_LIBRARY_DIR)/Frameworks";
				LD_RUNPATH_SEARCH_PATHS = (
					"$(inherited)",
					"@executable_path/../Frameworks",
				);
				PRODUCT_BUNDLE_IDENTIFIER = dev.claudestudio.kit;
				SDKROOT = macosx;
				SKIP_INSTALL = YES;
				VERSIONING_SYSTEM = "apple-generic";
			};
			name = Release;
		};
		BDA14119EE0CDE2F2E23C6E4 /* Release */ = {
			isa = XCBuildConfiguration;
			buildSettings = {
				ALWAYS_SEARCH_USER_PATHS = NO;
				CLANG_ANALYZER_NONNULL = YES;
				CLANG_ANALYZER_NUMBER_OBJECT_CONVERSION = YES_AGGRESSIVE;
				CLANG_CXX_LANGUAGE_STANDARD = "gnu++14";
				CLANG_CXX_LIBRARY = "libc++";
				CLANG_ENABLE_MODULES = YES;
				CLANG_ENABLE_OBJC_ARC = YES;
				CLANG_ENABLE_OBJC_WEAK = YES;
				CLANG_WARN_BLOCK_CAPTURE_AUTORELEASING = YES;
				CLANG_WARN_BOOL_CONVERSION = YES;
				CLANG_WARN_COMMA = YES;
				CLANG_WARN_CONSTANT_CONVERSION = YES;
				CLANG_WARN_DEPRECATED_OBJC_IMPLEMENTATIONS = YES;
				CLANG_WARN_DIRECT_OBJC_ISA_USAGE = YES_ERROR;
				CLANG_WARN_DOCUMENTATION_COMMENTS = YES;
				CLANG_WARN_EMPTY_BODY = YES;
				CLANG_WARN_ENUM_CONVERSION = YES;
				CLANG_WARN_INFINITE_RECURSION = YES;
				CLANG_WARN_INT_CONVERSION = YES;
				CLANG_WARN_NON_LITERAL_NULL_CONVERSION = YES;
				CLANG_WARN_OBJC_IMPLICIT_RETAIN_SELF = YES;
				CLANG_WARN_OBJC_LITERAL_CONVERSION = YES;
				CLANG_WARN_OBJC_ROOT_CLASS = YES_ERROR;
				CLANG_WARN_QUOTED_INCLUDE_IN_FRAMEWORK_HEADER = YES;
				CLANG_WARN_RANGE_LOOP_ANALYSIS = YES;
				CLANG_WARN_STRICT_PROTOTYPES = YES;
				CLANG_WARN_SUSPICIOUS_MOVE = YES;
				CLANG_WARN_UNGUARDED_AVAILABILITY = YES_AGGRESSIVE;
				CLANG_WARN_UNREACHABLE_CODE = YES;
				CLANG_WARN__DUPLICATE_METHOD_MATCH = YES;
				COPY_PHASE_STRIP = NO;
				CURRENT_PROJECT_VERSION = 1;
				DEBUG_INFORMATION_FORMAT = "dwarf-with-dsym";
				ENABLE_NS_ASSERTIONS = NO;
				ENABLE_STRICT_OBJC_MSGSEND = YES;
				GCC_C_LANGUAGE_STANDARD = gnu11;
				GCC_NO_COMMON_BLOCKS = YES;
				GCC_WARN_64_TO_32_BIT_CONVERSION = YES;
				GCC_WARN_ABOUT_RETURN_TYPE = YES_ERROR;
				GCC_WARN_UNDECLARED_SELECTOR = YES;
				GCC_WARN_UNINITIALIZED_AUTOS = YES_AGGRESSIVE;
				GCC_WARN_UNUSED_FUNCTION = YES;
				GCC_WARN_UNUSED_VARIABLE = YES;
				MACOSX_DEPLOYMENT_TARGET = 14.0;
				MARKETING_VERSION = 0.1.0;
				MTL_ENABLE_DEBUG_INFO = NO;
				MTL_FAST_MATH = YES;
				PRODUCT_NAME = "$(TARGET_NAME)";
				SDKROOT = macosx;
				SWIFT_COMPILATION_MODE = wholemodule;
				SWIFT_OPTIMIZATION_LEVEL = "-O";
				SWIFT_VERSION = 6.0;
			};
			name = Release;
		};
		E107E223BD1224626D8AF88A /* Release */ = {
			isa = XCBuildConfiguration;
			buildSettings = {
				ASSETCATALOG_COMPILER_APPICON_NAME = AppIcon;
				COMBINE_HIDPI_IMAGES = YES;
				GENERATE_INFOPLIST_FILE = YES;
				INFOPLIST_KEY_CFBundleDisplayName = ClaudeStudio;
				INFOPLIST_KEY_LSApplicationCategoryType = "public.app-category.developer-tools";
				LD_RUNPATH_SEARCH_PATHS = (
					"$(inherited)",
					"@executable_path/../Frameworks",
				);
				PRODUCT_BUNDLE_IDENTIFIER = dev.claudestudio.app;
				SDKROOT = macosx;
			};
			name = Release;
		};
/* End XCBuildConfiguration section */

/* Begin XCConfigurationList section */
		38DC57942B3A8BFC623299E1 /* Build configuration list for PBXNativeTarget "ClaudeStudioKit" */ = {
			isa = XCConfigurationList;
			buildConfigurations = (
				05D8FA149071FFEBBDA4F287 /* Debug */,
				B03086D87BD399327135CC7E /* Release */,
			);
			defaultConfigurationIsVisible = 0;
			defaultConfigurationName = Debug;
		};
		566E36C6D835DD361C62283C /* Build configuration list for PBXNativeTarget "ClaudeStudioKitTests" */ = {
			isa = XCConfigurationList;
			buildConfigurations = (
				787443D878705F81A1E95EBB /* Debug */,
				0A9123C950215309CF3EFE60 /* Release */,
			);
			defaultConfigurationIsVisible = 0;
			defaultConfigurationName = Debug;
		};
		8B3DE301BA547E443B489F11 /* Build configuration list for PBXNativeTarget "ClaudeStudio" */ = {
			isa = XCConfigurationList;
			buildConfigurations = (
				7FAE06621AA053C61EB8A700 /* Debug */,
				E107E223BD1224626D8AF88A /* Release */,
			);
			defaultConfigurationIsVisible = 0;
			defaultConfigurationName = Debug;
		};
		C87CDF72E9F7EDF4ECB6560B /* Build configuration list for PBXProject "ClaudeStudio" */ = {
			isa = XCConfigurationList;
			buildConfigurations = (
				252592F5D4A38A5392C0DF9D /* Debug */,
				BDA14119EE0CDE2F2E23C6E4 /* Release */,
			);
			defaultConfigurationIsVisible = 0;
			defaultConfigurationName = Debug;
		};
/* End XCConfigurationList section */
	};
	rootObject = FF001F8E9273FB2D060A790E /* Project object */;
}
